// !$*UTF8*$!
{
	archiveVersion = 1;
	classes = {
	};
	objectVersion = 55;
	objects = {

/* Begin PBXBuildFile section */
		B542674E28574A1E006C52BB /* PDFJSReader.docc in Sources */ = {isa = PBXBuildFile; fileRef = B542674D28574A1E006C52BB /* PDFJSReader.docc */; };
		B542675428574A1E006C52BB /* PDFJSReader.framework in Frameworks */ = {isa = PBXBuildFile; fileRef = B542674928574A1E006C52BB /* PDFJSReader.framework */; };
		B542675928574A1E006C52BB /* PDFJSReaderTests.swift in Sources */ = {isa = PBXBuildFile; fileRef = B542675828574A1E006C52BB /* PDFJSReaderTests.swift */; };
		B542675A28574A1E006C52BB /* PDFJSReader.h in Headers */ = {isa = PBXBuildFile; fileRef = B542674C28574A1E006C52BB /* PDFJSReader.h */; settings = {ATTRIBUTES = (Public, ); }; };
		B542676E28574AD0006C52BB /* PDFJSViewController.swift in Sources */ = {isa = PBXBuildFile; fileRef = B542676C28574AD0006C52BB /* PDFJSViewController.swift */; };
		B542676F28574AD0006C52BB /* PDFJSViewController.xib in Resources */ = {isa = PBXBuildFile; fileRef = B542676D28574AD0006C52BB /* PDFJSViewController.xib */; };
		B542677128576B6D006C52BB /* pdfjs in Resources */ = {isa = PBXBuildFile; fileRef = B542677028576B6D006C52BB /* pdfjs */; };
		B54267852857B958006C52BB /* DocumentLoadedDelegate.swift in Sources */ = {isa = PBXBuildFile; fileRef = B54267832857B958006C52BB /* DocumentLoadedDelegate.swift */; };
		B54267892857BC73006C52BB /* PDFJSView.swift in Sources */ = {isa = PBXBuildFile; fileRef = B54267882857BC73006C52BB /* PDFJSView.swift */; };
/* End PBXBuildFile section */

/* Begin PBXContainerItemProxy section */
		B542675528574A1E006C52BB /* PBXContainerItemProxy */ = {
			isa = PBXContainerItemProxy;
			containerPortal = B542674028574A1E006C52BB /* Project object */;
			proxyType = 1;
			remoteGlobalIDString = B542674828574A1E006C52BB;
			remoteInfo = PDFJSReader;
		};
/* End PBXContainerItemProxy section */

/* Begin PBXFileReference section */
		B542674928574A1E006C52BB /* PDFJSReader.framework */ = {isa = PBXFileReference; explicitFileType = wrapper.framework; includeInIndex = 0; path = PDFJSReader.framework; sourceTree = BUILT_PRODUCTS_DIR; };
		B542674C28574A1E006C52BB /* PDFJSReader.h */ = {isa = PBXFileReference; lastKnownFileType = sourcecode.c.h; path = PDFJSReader.h; sourceTree = "<group>"; };
		B542674D28574A1E006C52BB /* PDFJSReader.docc */ = {isa = PBXFileReference; lastKnownFileType = folder.documentationcatalog; path = PDFJSReader.docc; sourceTree = "<group>"; };
		B542675328574A1E006C52BB /* PDFJSReaderTests.xctest */ = {isa = PBXFileReference; explicitFileType = wrapper.cfbundle; includeInIndex = 0; path = PDFJSReaderTests.xctest; sourceTree = BUILT_PRODUCTS_DIR; };
		B542675828574A1E006C52BB /* PDFJSReaderTests.swift */ = {isa = PBXFileReference; lastKnownFileType = sourcecode.swift; path = PDFJSReaderTests.swift; sourceTree = "<group>"; };
		B542676C28574AD0006C52BB /* PDFJSViewController.swift */ = {isa = PBXFileReference; lastKnownFileType = sourcecode.swift; path = PDFJSViewController.swift; sourceTree = "<group>"; };
		B542676D28574AD0006C52BB /* PDFJSViewController.xib */ = {isa = PBXFileReference; lastKnownFileType = file.xib; path = PDFJSViewController.xib; sourceTree = "<group>"; };
		B542677028576B6D006C52BB /* pdfjs */ = {isa = PBXFileReference; lastKnownFileType = folder; path = pdfjs; sourceTree = "<group>"; };
		B54267832857B958006C52BB /* DocumentLoadedDelegate.swift */ = {isa = PBXFileReference; lastKnownFileType = sourcecode.swift; path = DocumentLoadedDelegate.swift; sourceTree = "<group>"; };
		B54267882857BC73006C52BB /* PDFJSView.swift */ = {isa = PBXFileReference; lastKnownFileType = sourcecode.swift; path = PDFJSView.swift; sourceTree = "<group>"; };
/* End PBXFileReference section */

/* Begin PBXFrameworksBuildPhase section */
		B542674628574A1E006C52BB /* Frameworks */ = {
			isa = PBXFrameworksBuildPhase;
			buildActionMask = 2147483647;
			files = (
			);
			runOnlyForDeploymentPostprocessing = 0;
		};
		B542675028574A1E006C52BB /* Frameworks */ = {
			isa = PBXFrameworksBuildPhase;
			buildActionMask = 2147483647;
			files = (
				B542675428574A1E006C52BB /* PDFJSReader.framework in Frameworks */,
			);
			runOnlyForDeploymentPostprocessing = 0;
		};
/* End PBXFrameworksBuildPhase section */

/* Begin PBXGroup section */
		B542673F28574A1E006C52BB = {
			isa = PBXGroup;
			children = (
				B542674B28574A1E006C52BB /* PDFJSReader */,
				B542675728574A1E006C52BB /* PDFJSReaderTests */,
				B542674A28574A1E006C52BB /* Products */,
			);
			sourceTree = "<group>";
		};
		B542674A28574A1E006C52BB /* Products */ = {
			isa = PBXGroup;
			children = (
				B542674928574A1E006C52BB /* PDFJSReader.framework */,
				B542675328574A1E006C52BB /* PDFJSReaderTests.xctest */,
			);
			name = Products;
			sourceTree = "<group>";
		};
		B542674B28574A1E006C52BB /* PDFJSReader */ = {
			isa = PBXGroup;
			children = (
				B542677028576B6D006C52BB /* pdfjs */,
				B542674C28574A1E006C52BB /* PDFJSReader.h */,
				B542674D28574A1E006C52BB /* PDFJSReader.docc */,
				B542676C28574AD0006C52BB /* PDFJSViewController.swift */,
				B54267832857B958006C52BB /* DocumentLoadedDelegate.swift */,
				B54267882857BC73006C52BB /* PDFJSView.swift */,
				B542676D28574AD0006C52BB /* PDFJSViewController.xib */,
			);
			path = PDFJSReader;
			sourceTree = "<group>";
		};
		B542675728574A1E006C52BB /* PDFJSReaderTests */ = {
			isa = PBXGroup;
			children = (
				B542675828574A1E006C52BB /* PDFJSReaderTests.swift */,
			);
			path = PDFJSReaderTests;
			sourceTree = "<group>";
		};
/* End PBXGroup section */

/* Begin PBXHeadersBuildPhase section */
		B542674428574A1E006C52BB /* Headers */ = {
			isa = PBXHeadersBuildPhase;
			buildActionMask = 2147483647;
			files = (
				B542675A28574A1E006C52BB /* PDFJSReader.h in Headers */,
			);
			runOnlyForDeploymentPostprocessing = 0;
		};
/* End PBXHeadersBuildPhase section */

/* Begin PBXNativeTarget section */
		B542674828574A1E006C52BB /* PDFJSReader */ = {
			isa = PBXNativeTarget;
			buildConfigurationList = B542675D28574A1E006C52BB /* Build configuration list for PBXNativeTarget "PDFJSReader" */;
			buildPhases = (
				B542674428574A1E006C52BB /* Headers */,
				B542674528574A1E006C52BB /* Sources */,
				B542674628574A1E006C52BB /* Frameworks */,
				B542674728574A1E006C52BB /* Resources */,
			);
			buildRules = (
			);
			dependencies = (
			);
			name = PDFJSReader;
			productName = PDFJSReader;
			productReference = B542674928574A1E006C52BB /* PDFJSReader.framework */;
			productType = "com.apple.product-type.framework";
		};
		B542675228574A1E006C52BB /* PDFJSReaderTests */ = {
			isa = PBXNativeTarget;
			buildConfigurationList = B542676028574A1E006C52BB /* Build configuration list for PBXNativeTarget "PDFJSReaderTests" */;
			buildPhases = (
				B542674F28574A1E006C52BB /* Sources */,
				B542675028574A1E006C52BB /* Frameworks */,
				B542675128574A1E006C52BB /* Resources */,
			);
			buildRules = (
			);
			dependencies = (
				B542675628574A1E006C52BB /* PBXTargetDependency */,
			);
			name = PDFJSReaderTests;
			productName = PDFJSReaderTests;
			productReference = B542675328574A1E006C52BB /* PDFJSReaderTests.xctest */;
			productType = "com.apple.product-type.bundle.unit-test";
		};
/* End PBXNativeTarget section */

/* Begin PBXProject section */
		B542674028574A1E006C52BB /* Project object */ = {
			isa = PBXProject;
			attributes = {
				BuildIndependentTargetsInParallel = 1;
				LastSwiftUpdateCheck = 1340;
				LastUpgradeCheck = 1340;
				TargetAttributes = {
					B542674828574A1E006C52BB = {
						CreatedOnToolsVersion = 13.4.1;
					};
					B542675228574A1E006C52BB = {
						CreatedOnToolsVersion = 13.4.1;
					};
				};
			};
			buildConfigurationList = B542674328574A1E006C52BB /* Build configuration list for PBXProject "PDFJSReader" */;
			compatibilityVersion = "Xcode 13.0";
			developmentRegion = en;
			hasScannedForEncodings = 0;
			knownRegions = (
				en,
				Base,
			);
			mainGroup = B542673F28574A1E006C52BB;
			productRefGroup = B542674A28574A1E006C52BB /* Products */;
			projectDirPath = "";
			projectRoot = "";
			targets = (
				B542674828574A1E006C52BB /* PDFJSReader */,
				B542675228574A1E006C52BB /* PDFJSReaderTests */,
			);
		};
/* End PBXProject section */

/* Begin PBXResourcesBuildPhase section */
		B542674728574A1E006C52BB /* Resources */ = {
			isa = PBXResourcesBuildPhase;
			buildActionMask = 2147483647;
			files = (
				B542677128576B6D006C52BB /* pdfjs in Resources */,
				B542676F28574AD0006C52BB /* PDFJSViewController.xib in Resources */,
			);
			runOnlyForDeploymentPostprocessing = 0;
		};
		B542675128574A1E006C52BB /* Resources */ = {
			isa = PBXResourcesBuildPhase;
			buildActionMask = 2147483647;
			files = (
			);
			runOnlyForDeploymentPostprocessing = 0;
		};
/* End PBXResourcesBuildPhase section */

/* Begin PBXSourcesBuildPhase section */
		B542674528574A1E006C52BB /* Sources */ = {
			isa = PBXSourcesBuildPhase;
			buildActionMask = 2147483647;
			files = (
				B54267892857BC73006C52BB /* PDFJSView.swift in Sources */,
				B542676E28574AD0006C52BB /* PDFJSViewController.swift in Sources */,
				B54267852857B958006C52BB /* DocumentLoadedDelegate.swift in Sources */,
				B542674E28574A1E006C52BB /* PDFJSReader.docc in Sources */,
			);
			runOnlyForDeploymentPostprocessing = 0;
		};
		B542674F28574A1E006C52BB /* Sources */ = {
			isa = PBXSourcesBuildPhase;
			buildActionMask = 2147483647;
			files = (
				B542675928574A1E006C52BB /* PDFJSReaderTests.swift in Sources */,
			);
			runOnlyForDeploymentPostprocessing = 0;
		};
/* End PBXSourcesBuildPhase section */

/* Begin PBXTargetDependency section */
		B542675628574A1E006C52BB /* PBXTargetDependency */ = {
			isa = PBXTargetDependency;
			target = B542674828574A1E006C52BB /* PDFJSReader */;
			targetProxy = B542675528574A1E006C52BB /* PBXContainerItemProxy */;
		};
/* End PBXTargetDependency section */

/* Begin XCBuildConfiguration section */
		B542675B28574A1E006C52BB /* Debug */ = {
			isa = XCBuildConfiguration;
			buildSettings = {
				ALWAYS_SEARCH_USER_PATHS = NO;
				CLANG_ANALYZER_NONNULL = YES;
				CLANG_ANALYZER_NUMBER_OBJECT_CONVERSION = YES_AGGRESSIVE;
				CLANG_CXX_LANGUAGE_STANDARD = "gnu++17";
				CLANG_ENABLE_MODULES = YES;
				CLANG_ENABLE_OBJC_ARC = YES;
				CLANG_ENABLE_OBJC_WEAK = YES;
				CLANG_WARN_BLOCK_CAPTURE_AUTORELEASING = YES;
				CLANG_WARN_BOOL_CONVERSION = YES;
				CLANG_WARN_COMMA = YES;
				CLANG_WARN_CONSTANT_CONVERSION = YES;
				CLANG_WARN_DEPRECATED_OBJC_IMPLEMENTATIONS = YES;
				CLANG_WARN_DIRECT_OBJC_ISA_USAGE = YES_ERROR;
				CLANG_WARN_DOCUMENTATION_COMMENTS = YES;
				CLANG_WARN_EMPTY_BODY = YES;
				CLANG_WARN_ENUM_CONVERSION = YES;
				CLANG_WARN_INFINITE_RECURSION = YES;
				CLANG_WARN_INT_CONVERSION = YES;
				CLANG_WARN_NON_LITERAL_NULL_CONVERSION = YES;
				CLANG_WARN_OBJC_IMPLICIT_RETAIN_SELF = YES;
				CLANG_WARN_OBJC_LITERAL_CONVERSION = YES;
				CLANG_WARN_OBJC_ROOT_CLASS = YES_ERROR;
				CLANG_WARN_QUOTED_INCLUDE_IN_FRAMEWORK_HEADER = YES;
				CLANG_WARN_RANGE_LOOP_ANALYSIS = YES;
				CLANG_WARN_STRICT_PROTOTYPES = YES;
				CLANG_WARN_SUSPICIOUS_MOVE = YES;
				CLANG_WARN_UNGUARDED_AVAILABILITY = YES_AGGRESSIVE;
				CLANG_WARN_UNREACHABLE_CODE = YES;
				CLANG_WARN__DUPLICATE_METHOD_MATCH = YES;
				COPY_PHASE_STRIP = NO;
				CURRENT_PROJECT_VERSION = 1;
				DEBUG_INFORMATION_FORMAT = dwarf;
				ENABLE_STRICT_OBJC_MSGSEND = YES;
				ENABLE_TESTABILITY = YES;
				GCC_C_LANGUAGE_STANDARD = gnu11;
				GCC_DYNAMIC_NO_PIC = NO;
				GCC_NO_COMMON_BLOCKS = YES;
				GCC_OPTIMIZATION_LEVEL = 0;
				GCC_PREPROCESSOR_DEFINITIONS = (
					"DEBUG=1",
					"$(inherited)",
				);
				GCC_WARN_64_TO_32_BIT_CONVERSION = YES;
				GCC_WARN_ABOUT_RETURN_TYPE = YES_ERROR;
				GCC_WARN_UNDECLARED_SELECTOR = YES;
				GCC_WARN_UNINITIALIZED_AUTOS = YES_AGGRESSIVE;
				GCC_WARN_UNUSED_FUNCTION = YES;
				GCC_WARN_UNUSED_VARIABLE = YES;
				IPHONEOS_DEPLOYMENT_TARGET = 15.5;
				MTL_ENABLE_DEBUG_INFO = INCLUDE_SOURCE;
				MTL_FAST_MATH = YES;
				ONLY_ACTIVE_ARCH = YES;
				SDKROOT = iphoneos;
				SWIFT_ACTIVE_COMPILATION_CONDITIONS = DEBUG;
				SWIFT_OPTIMIZATION_LEVEL = "-Onone";
				VERSIONING_SYSTEM = "apple-generic";
				VERSION_INFO_PREFIX = "";
			};
			name = Debug;
		};
		B542675C28574A1E006C52BB /* Release */ = {
			isa = XCBuildConfiguration;
			buildSettings = {
				ALWAYS_SEARCH_USER_PATHS = NO;
				CLANG_ANALYZER_NONNULL = YES;
				CLANG_ANALYZER_NUMBER_OBJECT_CONVERSION = YES_AGGRESSIVE;
				CLANG_CXX_LANGUAGE_STANDARD = "gnu++17";
				CLANG_ENABLE_MODULES = YES;
				CLANG_ENABLE_OBJC_ARC = YES;
				CLANG_ENABLE_OBJC_WEAK = YES;
				CLANG_WARN_BLOCK_CAPTURE_AUTORELEASING = YES;
				CLANG_WARN_BOOL_CONVERSION = YES;
				CLANG_WARN_COMMA = YES;
				CLANG_WARN_CONSTANT_CONVERSION = YES;
				CLANG_WARN_DEPRECATED_OBJC_IMPLEMENTATIONS = YES;
				CLANG_WARN_DIRECT_OBJC_ISA_USAGE = YES_ERROR;
				CLANG_WARN_DOCUMENTATION_COMMENTS = YES;
				CLANG_WARN_EMPTY_BODY = YES;
				CLANG_WARN_ENUM_CONVERSION = YES;
				CLANG_WARN_INFINITE_RECURSION = YES;
				CLANG_WARN_INT_CONVERSION = YES;
				CLANG_WARN_NON_LITERAL_NULL_CONVERSION = YES;
				CLANG_WARN_OBJC_IMPLICIT_RETAIN_SELF = YES;
				CLANG_WARN_OBJC_LITERAL_CONVERSION = YES;
				CLANG_WARN_OBJC_ROOT_CLASS = YES_ERROR;
				CLANG_WARN_QUOTED_INCLUDE_IN_FRAMEWORK_HEADER = YES;
				CLANG_WARN_RANGE_LOOP_ANALYSIS = YES;
				CLANG_WARN_STRICT_PROTOTYPES = YES;
				CLANG_WARN_SUSPICIOUS_MOVE = YES;
				CLANG_WARN_UNGUARDED_AVAILABILITY = YES_AGGRESSIVE;
				CLANG_WARN_UNREACHABLE_CODE = YES;
				CLANG_WARN__DUPLICATE_METHOD_MATCH = YES;
				COPY_PHASE_STRIP = NO;
				CURRENT_PROJECT_VERSION = 1;
				DEBUG_INFORMATION_FORMAT = "dwarf-with-dsym";
				ENABLE_NS_ASSERTIONS = NO;
				ENABLE_STRICT_OBJC_MSGSEND = YES;
				GCC_C_LANGUAGE_STANDARD = gnu11;
				GCC_NO_COMMON_BLOCKS = YES;
				GCC_WARN_64_TO_32_BIT_CONVERSION = YES;
				GCC_WARN_ABOUT_RETURN_TYPE = YES_ERROR;
				GCC_WARN_UNDECLARED_SELECTOR = YES;
				GCC_WARN_UNINITIALIZED_AUTOS = YES_AGGRESSIVE;
				GCC_WARN_UNUSED_FUNCTION = YES;
				GCC_WARN_UNUSED_VARIABLE = YES;
				IPHONEOS_DEPLOYMENT_TARGET = 15.5;
				MTL_ENABLE_DEBUG_INFO = NO;
				MTL_FAST_MATH = YES;
				SDKROOT = iphoneos;
				SWIFT_COMPILATION_MODE = wholemodule;
				SWIFT_OPTIMIZATION_LEVEL = "-O";
				VALIDATE_PRODUCT = YES;
				VERSIONING_SYSTEM = "apple-generic";
				VERSION_INFO_PREFIX = "";
			};
			name = Release;
		};
		B542675E28574A1E006C52BB /* Debug */ = {
			isa = XCBuildConfiguration;
			buildSettings = {
				APPLICATION_EXTENSION_API_ONLY = NO;
				BUILD_LIBRARY_FOR_DISTRIBUTION = YES;
				CODE_SIGN_STYLE = Automatic;
				CURRENT_PROJECT_VERSION = 1;
				DEFINES_MODULE = YES;
				DEVELOPMENT_TEAM = RFVKD37M39;
				DYLIB_COMPATIBILITY_VERSION = 1;
				DYLIB_CURRENT_VERSION = 1;
				DYLIB_INSTALL_NAME_BASE = "@rpath";
				ENABLE_BITCODE = NO;
				GENERATE_INFOPLIST_FILE = YES;
				INFOPLIST_KEY_NSHumanReadableCopyright = "";
				INSTALL_PATH = "$(LOCAL_LIBRARY_DIR)/Frameworks";
				IPHONEOS_DEPLOYMENT_TARGET = 10.0;
				"IPHONEOS_DEPLOYMENT_TARGET[sdk=macosx*]" = 14.2;
				LD_RUNPATH_SEARCH_PATHS = (
					"$(inherited)",
					"@executable_path/Frameworks",
					"@loader_path/Frameworks",
				);
				MARKETING_VERSION = 0.1;
				PRODUCT_BUNDLE_IDENTIFIER = net.petrovskyi.PDFJSReader;
				PRODUCT_NAME = "$(TARGET_NAME:c99extidentifier)";
				SKIP_INSTALL = YES;
				SWIFT_EMIT_LOC_STRINGS = YES;
				SWIFT_VERSION = 5.0;
				TARGETED_DEVICE_FAMILY = "1,2";
			};
			name = Debug;
		};
		B542675F28574A1E006C52BB /* Release */ = {
			isa = XCBuildConfiguration;
			buildSettings = {
				APPLICATION_EXTENSION_API_ONLY = NO;
				BUILD_LIBRARY_FOR_DISTRIBUTION = YES;
				CODE_SIGN_STYLE = Automatic;
				CURRENT_PROJECT_VERSION = 1;
				DEFINES_MODULE = YES;
				DEVELOPMENT_TEAM = RFVKD37M39;
				DYLIB_COMPATIBILITY_VERSION = 1;
				DYLIB_CURRENT_VERSION = 1;
				DYLIB_INSTALL_NAME_BASE = "@rpath";
				ENABLE_BITCODE = NO;
				GENERATE_INFOPLIST_FILE = YES;
				INFOPLIST_KEY_NSHumanReadableCopyright = "";
				INSTALL_PATH = "$(LOCAL_LIBRARY_DIR)/Frameworks";
				IPHONEOS_DEPLOYMENT_TARGET = 10.0;
				"IPHONEOS_DEPLOYMENT_TARGET[sdk=macosx*]" = 14.2;
				LD_RUNPATH_SEARCH_PATHS = (
					"$(inherited)",
					"@executable_path/Frameworks",
					"@loader_path/Frameworks",
				);
				MARKETING_VERSION = 0.1;
				PRODUCT_BUNDLE_IDENTIFIER = net.petrovskyi.PDFJSReader;
				PRODUCT_NAME = "$(TARGET_NAME:c99extidentifier)";
				SKIP_INSTALL = YES;
				SWIFT_EMIT_LOC_STRINGS = YES;
				SWIFT_VERSION = 5.0;
				TARGETED_DEVICE_FAMILY = "1,2";
			};
			name = Release;
		};
		B542676128574A1E006C52BB /* Debug */ = {
			isa = XCBuildConfiguration;
			buildSettings = {
				ALWAYS_EMBED_SWIFT_STANDARD_LIBRARIES = YES;
				CODE_SIGN_STYLE = Automatic;
				CURRENT_PROJECT_VERSION = 1;
				DEVELOPMENT_TEAM = RFVKD37M39;
				GENERATE_INFOPLIST_FILE = YES;
				MARKETING_VERSION = 1.0;
				PRODUCT_BUNDLE_IDENTIFIER = net.petrovskyi.PDFJSReaderTests;
				PRODUCT_NAME = "$(TARGET_NAME)";
				SWIFT_EMIT_LOC_STRINGS = NO;
				SWIFT_VERSION = 5.0;
				TARGETED_DEVICE_FAMILY = "1,2";
			};
			name = Debug;
		};
		B542676228574A1E006C52BB /* Release */ = {
			isa = XCBuildConfiguration;
			buildSettings = {
				ALWAYS_EMBED_SWIFT_STANDARD_LIBRARIES = YES;
				CODE_SIGN_STYLE = Automatic;
				CURRENT_PROJECT_VERSION = 1;
				DEVELOPMENT_TEAM = RFVKD37M39;
				GENERATE_INFOPLIST_FILE = YES;
				MARKETING_VERSION = 1.0;
				PRODUCT_BUNDLE_IDENTIFIER = net.petrovskyi.PDFJSReaderTests;
				PRODUCT_NAME = "$(TARGET_NAME)";
				SWIFT_EMIT_LOC_STRINGS = NO;
				SWIFT_VERSION = 5.0;
				TARGETED_DEVICE_FAMILY = "1,2";
			};
			name = Release;
		};
/* End XCBuildConfiguration section */

/* Begin XCConfigurationList section */
		B542674328574A1E006C52BB /* Build configuration list for PBXProject "PDFJSReader" */ = {
			isa = XCConfigurationList;
			buildConfigurations = (
				B542675B28574A1E006C52BB /* Debug */,
				B542675C28574A1E006C52BB /* Release */,
			);
			defaultConfigurationIsVisible = 0;
			defaultConfigurationName = Release;
		};
		B542675D28574A1E006C52BB /* Build configuration list for PBXNativeTarget "PDFJSReader" */ = {
			isa = XCConfigurationList;
			buildConfigurations = (
				B542675E28574A1E006C52BB /* Debug */,
				B542675F28574A1E006C52BB /* Release */,
			);
			defaultConfigurationIsVisible = 0;
			defaultConfigurationName = Release;
		};
		B542676028574A1E006C52BB /* Build configuration list for PBXNativeTarget "PDFJSReaderTests" */ = {
			isa = XCConfigurationList;
			buildConfigurations = (
				B542676128574A1E006C52BB /* Debug */,
				B542676228574A1E006C52BB /* Release */,
			);
			defaultConfigurationIsVisible = 0;
			defaultConfigurationName = Release;
		};
/* End XCConfigurationList section */
	};
	rootObject = B542674028574A1E006C52BB /* Project object */;
}
